
Microsoft Visual Studio Solution File, Format Version 12.00
# Visual Studio Version 16
VisualStudioVersion = 16.0.31729.503
MinimumVisualStudioVersion = 10.0.40219.1
Project("{FAE04EC0-301F-11D3-BF4B-00C04F79EFBC}") = "PhoneLogProcessor", "PhoneLogProcessor\PhoneLogProcessor.csproj", "{7925781E-79CA-4DD5-B7B3-55732E71A849}"
EndProject
Project("{FAE04EC0-301F-11D3-BF4B-00C04F79EFBC}") = "PhoneLogProcess.Dev", "PhoneLogProcess.Dev\PhoneLogProcess.Dev.csproj", "{015401B1-DD69-4784-93B2-1CECB81A8EE3}"
EndProject
Global
	GlobalSection(SolutionConfigurationPlatforms) = preSolution
		Debug|Any CPU = Debug|Any CPU
		Release|Any CPU = Release|Any CPU
	EndGlobalSection
	GlobalSection(ProjectConfigurationPlatforms) = postSolution
		{7925781E-79CA-4DD5-B7B3-55732E71A849}.Debug|Any CPU.ActiveCfg = Debug|Any CPU
		{7925781E-79CA-4DD5-B7B3-55732E71A849}.Debug|Any CPU.Build.0 = Debug|Any CPU
		{7925781E-79CA-4DD5-B7B3-55732E71A849}.Release|Any CPU.ActiveCfg = Release|Any CPU
		{7925781E-79CA-4DD5-B7B3-55732E71A849}.Release|Any CPU.Build.0 = Release|Any CPU
		{015401B1-DD69-4784-93B2-1CECB81A8EE3}.Debug|Any CPU.ActiveCfg = Debug|Any CPU
		{015401B1-DD69-4784-93B2-1CECB81A8EE3}.Debug|Any CPU.Build.0 = Debug|Any CPU
		{015401B1-DD69-4784-93B2-1CECB81A8EE3}.Release|Any CPU.ActiveCfg = Release|Any CPU
		{015401B1-DD69-4784-93B2-1CECB81A8EE3}.Release|Any CPU.Build.0 = Release|Any CPU
	EndGlobalSection
	GlobalSection(SolutionProperties) = preSolution
		HideSolutionNode = FALSE
	EndGlobalSection
	GlobalSection(ExtensibilityGlobals) = postSolution
		SolutionGuid = {6DDE25AE-D13A-431C-B1D3-8D4763288DC5}
	EndGlobalSection
EndGlobal
